
Microsoft Visual Studio Solution File, Format Version 12.00
# Visual Studio Version 17
VisualStudioVersion = 17.0.32112.339
MinimumVisualStudioVersion = 10.0.40219.1
Project("{8BC9CEB8-8B4A-11D0-8D11-00A0C91BC942}") = "assemblyLang", "assemblyLang.vcxproj", "{8DFB3275-BBCA-4562-98BE-43DA163E1FF7}"
EndProject
Project("{8BC9CEB8-8B4A-11D0-8D11-00A0C91BC942}") = "secondProgram", "..\secondProgram\secondProgram.vcxproj", "{A58265A2-E58F-4B23-A131-BB633CD95557}"
EndProject
Global
	GlobalSection(SolutionConfigurationPlatforms) = preSolution
		Debug|x64 = Debug|x64
		Debug|x86 = Debug|x86
		Release|x64 = Release|x64
		Release|x86 = Release|x86
	EndGlobalSection
	GlobalSection(ProjectConfigurationPlatforms) = postSolution
		{8DFB3275-BBCA-4562-98BE-43DA163E1FF7}.Debug|x64.ActiveCfg = Debug|x64
		{8DFB3275-BBCA-4562-98BE-43DA163E1FF7}.Debug|x64.Build.0 = Debug|x64
		{8DFB3275-BBCA-4562-98BE-43DA163E1FF7}.Debug|x86.ActiveCfg = Debug|Win32
		{8DFB3275-BBCA-4562-98BE-43DA163E1FF7}.Debug|x86.Build.0 = Debug|Win32
		{8DFB3275-BBCA-4562-98BE-43DA163E1FF7}.Release|x64.ActiveCfg = Release|x64
		{8DFB3275-BBCA-4562-98BE-43DA163E1FF7}.Release|x64.Build.0 = Release|x64
		{8DFB3275-BBCA-4562-98BE-43DA163E1FF7}.Release|x86.ActiveCfg = Release|Win32
		{8DFB3275-BBCA-4562-98BE-43DA163E1FF7}.Release|x86.Build.0 = Release|Win32
		{A58265A2-E58F-4B23-A131-BB633CD95557}.Debug|x64.ActiveCfg = Debug|x64
		{A58265A2-E58F-4B23-A131-BB633CD95557}.Debug|x64.Build.0 = Debug|x64
		{A58265A2-E58F-4B23-A131-BB633CD95557}.Debug|x86.ActiveCfg = Debug|Win32
		{A58265A2-E58F-4B23-A131-BB633CD95557}.Debug|x86.Build.0 = Debug|Win32
		{A58265A2-E58F-4B23-A131-BB633CD95557}.Release|x64.ActiveCfg = Release|x64
		{A58265A2-E58F-4B23-A131-BB633CD95557}.Release|x64.Build.0 = Release|x64
		{A58265A2-E58F-4B23-A131-BB633CD95557}.Release|x86.ActiveCfg = Release|Win32
		{A58265A2-E58F-4B23-A131-BB633CD95557}.Release|x86.Build.0 = Release|Win32
	EndGlobalSection
	GlobalSection(SolutionProperties) = preSolution
		HideSolutionNode = FALSE
	EndGlobalSection
	GlobalSection(ExtensibilityGlobals) = postSolution
		SolutionGuid = {FEA88B2F-B135-4AE2-894E-B536479AF0AA}
	EndGlobalSection
EndGlobal
