
Microsoft Visual Studio Solution File, Format Version 12.00
# Visual Studio Version 17
VisualStudioVersion = 17.0.32112.339
MinimumVisualStudioVersion = 10.0.40219.1
Project("{FAE04EC0-301F-11D3-BF4B-00C04F79EFBC}") = "Project_39-02_19", "Project_39-02_19.csproj", "{C1C1CDD9-7EC5-43FE-A802-566F8DC64906}"
EndProject
Global
	GlobalSection(SolutionConfigurationPlatforms) = preSolution
		Debug|Any CPU = Debug|Any CPU
		Release|Any CPU = Release|Any CPU
	EndGlobalSection
	GlobalSection(ProjectConfigurationPlatforms) = postSolution
		{C1C1CDD9-7EC5-43FE-A802-566F8DC64906}.Debug|Any CPU.ActiveCfg = Debug|Any CPU
		{C1C1CDD9-7EC5-43FE-A802-566F8DC64906}.Debug|Any CPU.Build.0 = Debug|Any CPU
		{C1C1CDD9-7EC5-43FE-A802-566F8DC64906}.Release|Any CPU.ActiveCfg = Release|Any CPU
		{C1C1CDD9-7EC5-43FE-A802-566F8DC64906}.Release|Any CPU.Build.0 = Release|Any CPU
	EndGlobalSection
	GlobalSection(SolutionProperties) = preSolution
		HideSolutionNode = FALSE
	EndGlobalSection
	GlobalSection(ExtensibilityGlobals) = postSolution
		SolutionGuid = {3CF03FA0-5FF8-4A28-B172-84F00D9BB96B}
	EndGlobalSection
EndGlobal
