
Microsoft Visual Studio Solution File, Format Version 12.00
# Visual Studio Version 17
VisualStudioVersion = 17.0.32112.339
MinimumVisualStudioVersion = 10.0.40219.1
Project("{FAE04EC0-301F-11D3-BF4B-00C04F79EFBC}") = "WpfAppComObjects", "WpfAppComObjects.csproj", "{18D59152-FE48-47E0-89E1-67A22F97694A}"
EndProject
Global
	GlobalSection(SolutionConfigurationPlatforms) = preSolution
		Debug|Any CPU = Debug|Any CPU
		Release|Any CPU = Release|Any CPU
	EndGlobalSection
	GlobalSection(ProjectConfigurationPlatforms) = postSolution
		{18D59152-FE48-47E0-89E1-67A22F97694A}.Debug|Any CPU.ActiveCfg = Debug|Any CPU
		{18D59152-FE48-47E0-89E1-67A22F97694A}.Debug|Any CPU.Build.0 = Debug|Any CPU
		{18D59152-FE48-47E0-89E1-67A22F97694A}.Release|Any CPU.ActiveCfg = Release|Any CPU
		{18D59152-FE48-47E0-89E1-67A22F97694A}.Release|Any CPU.Build.0 = Release|Any CPU
	EndGlobalSection
	GlobalSection(SolutionProperties) = preSolution
		HideSolutionNode = FALSE
	EndGlobalSection
	GlobalSection(ExtensibilityGlobals) = postSolution
		SolutionGuid = {51AE807D-F810-4FC3-BF3B-B932F459345E}
	EndGlobalSection
EndGlobal
